// !$*UTF8*$!
{
	archiveVersion = 1;
	classes = {
	};
	objectVersion = 48;
	objects = {

/* Begin PBXBuildFile section */
		572D33CB20748BCE00BD1AA2 /* 12.mp4 in Resources */ = {isa = PBXBuildFile; fileRef = 572D33CA20748BCD00BD1AA2 /* 12.mp4 */; };
		572D33CD2074AC6600BD1AA2 /* you.png in Resources */ = {isa = PBXBuildFile; fileRef = 572D33CC2074AC6600BD1AA2 /* you.png */; };
		574DAF672071DE13000B6B5A /* AdLinkView.swift in Sources */ = {isa = PBXBuildFile; fileRef = 574DAF662071DE13000B6B5A /* AdLinkView.swift */; };
		574DAF6D2071E73F000B6B5A /* icon2.png in Resources */ = {isa = PBXBuildFile; fileRef = 574DAF6C2071E73F000B6B5A /* icon2.png */; };
		574DAF6F207218DF000B6B5A /* 1111.png in Resources */ = {isa = PBXBuildFile; fileRef = 574DAF6E207218DF000B6B5A /* 1111.png */; };
		574ED4BF2064EDBE00C20B42 /* MainViewCell.swift in Sources */ = {isa = PBXBuildFile; fileRef = 574ED4BD2064EDBE00C20B42 /* MainViewCell.swift */; };
		574ED4C32064EE6A00C20B42 /* MainTableView.swift in Sources */ = {isa = PBXBuildFile; fileRef = 574ED4C22064EE6A00C20B42 /* MainTableView.swift */; };
		574EF122205FB89000219685 /* 3.mp4 in Resources */ = {isa = PBXBuildFile; fileRef = 574EF121205FB89000219685 /* 3.mp4 */; };
		575144F52068A2D8004EC1F4 /* 2.mp4 in Resources */ = {isa = PBXBuildFile; fileRef = 575144F42068A2D8004EC1F4 /* 2.mp4 */; };
		5751451520690A60004EC1F4 /* MYLayer.swift in Sources */ = {isa = PBXBuildFile; fileRef = 5751451420690A60004EC1F4 /* MYLayer.swift */; };
		5765B7B4206DE2D100CB6274 /* MomentTableView.swift in Sources */ = {isa = PBXBuildFile; fileRef = 5765B7B3206DE2D100CB6274 /* MomentTableView.swift */; };
		5765B7B6206DE30B00CB6274 /* MomentCell.swift in Sources */ = {isa = PBXBuildFile; fileRef = 5765B7B5206DE30B00CB6274 /* MomentCell.swift */; };
		5765B7BE206DEF9000CB6274 /* LoginView.swift in Sources */ = {isa = PBXBuildFile; fileRef = 5765B7BC206DEF9000CB6274 /* LoginView.swift */; };
		5765B7BF206DEF9000CB6274 /* LoginView.xib in Resources */ = {isa = PBXBuildFile; fileRef = 5765B7BD206DEF9000CB6274 /* LoginView.xib */; };
		5765B7C8206E171E00CB6274 /* logo-w.png in Resources */ = {isa = PBXBuildFile; fileRef = 5765B7C7206E171E00CB6274 /* logo-w.png */; };
		5765B7CA206E1BF200CB6274 /* bgView.JPG in Resources */ = {isa = PBXBuildFile; fileRef = 5765B7C9206E1BF200CB6274 /* bgView.JPG */; };
		5765B7CD206E23CD00CB6274 /* MineView.swift in Sources */ = {isa = PBXBuildFile; fileRef = 5765B7CB206E23CD00CB6274 /* MineView.swift */; };
		5765B7CE206E23CD00CB6274 /* MineView.xib in Resources */ = {isa = PBXBuildFile; fileRef = 5765B7CC206E23CD00CB6274 /* MineView.xib */; };
		5766501C205B651C0027AE95 /* AppDelegate.swift in Sources */ = {isa = PBXBuildFile; fileRef = 5766501B205B651C0027AE95 /* AppDelegate.swift */; };
		57665021205B651C0027AE95 /* Main.storyboard in Resources */ = {isa = PBXBuildFile; fileRef = 5766501F205B651C0027AE95 /* Main.storyboard */; };
		57665023205B651C0027AE95 /* Assets.xcassets in Resources */ = {isa = PBXBuildFile; fileRef = 57665022205B651C0027AE95 /* Assets.xcassets */; };
		57665026205B651C0027AE95 /* LaunchScreen.storyboard in Resources */ = {isa = PBXBuildFile; fileRef = 57665024205B651C0027AE95 /* LaunchScreen.storyboard */; };
		576DA1A02064CFDB00219947 /* AVPlayerView.swift in Sources */ = {isa = PBXBuildFile; fileRef = 576DA19F2064CFDB00219947 /* AVPlayerView.swift */; };
		576FE96C2060B773006F3910 /* VideoDetailView.swift in Sources */ = {isa = PBXBuildFile; fileRef = 576FE96B2060B773006F3910 /* VideoDetailView.swift */; };
		576FE9702060F8F2006F3910 /* CommentInputView.swift in Sources */ = {isa = PBXBuildFile; fileRef = 576FE96F2060F8F2006F3910 /* CommentInputView.swift */; };
		576FE97220610113006F3910 /* CommentCell.swift in Sources */ = {isa = PBXBuildFile; fileRef = 576FE97120610113006F3910 /* CommentCell.swift */; };
		577A2AD0206B428E00C53F98 /* pinglun.json in Resources */ = {isa = PBXBuildFile; fileRef = 577A2ACF206B428E00C53F98 /* pinglun.json */; };
		577EEE04206201F900EB0E7D /* PostInfoView.swift in Sources */ = {isa = PBXBuildFile; fileRef = 577EEE03206201F900EB0E7D /* PostInfoView.swift */; };
		577EEE06206209E000EB0E7D /* AppTool.swift in Sources */ = {isa = PBXBuildFile; fileRef = 577EEE05206209E000EB0E7D /* AppTool.swift */; };
		57E2B85C2079BE720080A5BF /* WebViewController.swift in Sources */ = {isa = PBXBuildFile; fileRef = 57E2B85B2079BE720080A5BF /* WebViewController.swift */; };
		57E2B85F207A136A0080A5BF /* UserInfoView.swift in Sources */ = {isa = PBXBuildFile; fileRef = 57E2B85D207A136A0080A5BF /* UserInfoView.swift */; };
		57E2B860207A136A0080A5BF /* UserInfoView.xib in Resources */ = {isa = PBXBuildFile; fileRef = 57E2B85E207A136A0080A5BF /* UserInfoView.xib */; };
		95CADF64180C3E57D8EB8644 /* Pods_AdsVideoPool.framework in Frameworks */ = {isa = PBXBuildFile; fileRef = 065F56DA42AC8C17E4DEF028 /* Pods_AdsVideoPool.framework */; };
/* End PBXBuildFile section */

/* Begin PBXFileReference section */
		065F56DA42AC8C17E4DEF028 /* Pods_AdsVideoPool.framework */ = {isa = PBXFileReference; explicitFileType = wrapper.framework; includeInIndex = 0; path = Pods_AdsVideoPool.framework; sourceTree = BUILT_PRODUCTS_DIR; };
		0A848400A7AC85BC9F8616CE /* Pods-AdsVideoPool.release.xcconfig */ = {isa = PBXFileReference; includeInIndex = 1; lastKnownFileType = text.xcconfig; name = "Pods-AdsVideoPool.release.xcconfig"; path = "Pods/Target Support Files/Pods-AdsVideoPool/Pods-AdsVideoPool.release.xcconfig"; sourceTree = "<group>"; };
		3F47EEB3AEA215308F2FE55A /* Pods-AdsVideoPool.debug.xcconfig */ = {isa = PBXFileReference; includeInIndex = 1; lastKnownFileType = text.xcconfig; name = "Pods-AdsVideoPool.debug.xcconfig"; path = "Pods/Target Support Files/Pods-AdsVideoPool/Pods-AdsVideoPool.debug.xcconfig"; sourceTree = "<group>"; };
		572D33CA20748BCD00BD1AA2 /* 12.mp4 */ = {isa = PBXFileReference; lastKnownFileType = file; path = 12.mp4; sourceTree = "<group>"; };
		572D33CC2074AC6600BD1AA2 /* you.png */ = {isa = PBXFileReference; lastKnownFileType = image.png; path = you.png; sourceTree = "<group>"; };
		574DAF662071DE13000B6B5A /* AdLinkView.swift */ = {isa = PBXFileReference; lastKnownFileType = sourcecode.swift; path = AdLinkView.swift; sourceTree = "<group>"; };
		574DAF6C2071E73F000B6B5A /* icon2.png */ = {isa = PBXFileReference; lastKnownFileType = image.png; path = icon2.png; sourceTree = "<group>"; };
		574DAF6E207218DF000B6B5A /* 1111.png */ = {isa = PBXFileReference; lastKnownFileType = image.png; path = 1111.png; sourceTree = "<group>"; };
		574ED4BD2064EDBE00C20B42 /* MainViewCell.swift */ = {isa = PBXFileReference; fileEncoding = 4; lastKnownFileType = sourcecode.swift; path = MainViewCell.swift; sourceTree = "<group>"; };
		574ED4C22064EE6A00C20B42 /* MainTableView.swift */ = {isa = PBXFileReference; lastKnownFileType = sourcecode.swift; path = MainTableView.swift; sourceTree = "<group>"; };
		574EF121205FB89000219685 /* 3.mp4 */ = {isa = PBXFileReference; lastKnownFileType = file; path = 3.mp4; sourceTree = "<group>"; };
		575144F42068A2D8004EC1F4 /* 2.mp4 */ = {isa = PBXFileReference; lastKnownFileType = file; path = 2.mp4; sourceTree = "<group>"; };
		5751451420690A60004EC1F4 /* MYLayer.swift */ = {isa = PBXFileReference; lastKnownFileType = sourcecode.swift; path = MYLayer.swift; sourceTree = "<group>"; };
		5765B7B3206DE2D100CB6274 /* MomentTableView.swift */ = {isa = PBXFileReference; lastKnownFileType = sourcecode.swift; path = MomentTableView.swift; sourceTree = "<group>"; };
		5765B7B5206DE30B00CB6274 /* MomentCell.swift */ = {isa = PBXFileReference; lastKnownFileType = sourcecode.swift; path = MomentCell.swift; sourceTree = "<group>"; };
		5765B7BC206DEF9000CB6274 /* LoginView.swift */ = {isa = PBXFileReference; lastKnownFileType = sourcecode.swift; path = LoginView.swift; sourceTree = "<group>"; };
		5765B7BD206DEF9000CB6274 /* LoginView.xib */ = {isa = PBXFileReference; lastKnownFileType = file.xib; path = LoginView.xib; sourceTree = "<group>"; };
		5765B7C7206E171E00CB6274 /* logo-w.png */ = {isa = PBXFileReference; lastKnownFileType = image.png; path = "logo-w.png"; sourceTree = "<group>"; };
		5765B7C9206E1BF200CB6274 /* bgView.JPG */ = {isa = PBXFileReference; lastKnownFileType = image.jpeg; path = bgView.JPG; sourceTree = "<group>"; };
		5765B7CB206E23CD00CB6274 /* MineView.swift */ = {isa = PBXFileReference; lastKnownFileType = sourcecode.swift; path = MineView.swift; sourceTree = "<group>"; };
		5765B7CC206E23CD00CB6274 /* MineView.xib */ = {isa = PBXFileReference; lastKnownFileType = file.xib; path = MineView.xib; sourceTree = "<group>"; };
		57665018205B651C0027AE95 /* AdsVideoPool.app */ = {isa = PBXFileReference; explicitFileType = wrapper.application; includeInIndex = 0; path = AdsVideoPool.app; sourceTree = BUILT_PRODUCTS_DIR; };
		5766501B205B651C0027AE95 /* AppDelegate.swift */ = {isa = PBXFileReference; lastKnownFileType = sourcecode.swift; path = AppDelegate.swift; sourceTree = "<group>"; };
		57665020205B651C0027AE95 /* Base */ = {isa = PBXFileReference; lastKnownFileType = file.storyboard; name = Base; path = Base.lproj/Main.storyboard; sourceTree = "<group>"; };
		57665022205B651C0027AE95 /* Assets.xcassets */ = {isa = PBXFileReference; lastKnownFileType = folder.assetcatalog; path = Assets.xcassets; sourceTree = "<group>"; };
		57665025205B651C0027AE95 /* Base */ = {isa = PBXFileReference; lastKnownFileType = file.storyboard; name = Base; path = Base.lproj/LaunchScreen.storyboard; sourceTree = "<group>"; };
		57665027205B651C0027AE95 /* Info.plist */ = {isa = PBXFileReference; lastKnownFileType = text.plist.xml; path = Info.plist; sourceTree = "<group>"; };
		576DA19F2064CFDB00219947 /* AVPlayerView.swift */ = {isa = PBXFileReference; lastKnownFileType = sourcecode.swift; path = AVPlayerView.swift; sourceTree = "<group>"; };
		576FE96B2060B773006F3910 /* VideoDetailView.swift */ = {isa = PBXFileReference; lastKnownFileType = sourcecode.swift; path = VideoDetailView.swift; sourceTree = "<group>"; };
		576FE96F2060F8F2006F3910 /* CommentInputView.swift */ = {isa = PBXFileReference; lastKnownFileType = sourcecode.swift; path = CommentInputView.swift; sourceTree = "<group>"; };
		576FE97120610113006F3910 /* CommentCell.swift */ = {isa = PBXFileReference; lastKnownFileType = sourcecode.swift; path = CommentCell.swift; sourceTree = "<group>"; };
		577A2ACF206B428E00C53F98 /* pinglun.json */ = {isa = PBXFileReference; fileEncoding = 4; lastKnownFileType = text.json; path = pinglun.json; sourceTree = "<group>"; };
		577EEE03206201F900EB0E7D /* PostInfoView.swift */ = {isa = PBXFileReference; lastKnownFileType = sourcecode.swift; path = PostInfoView.swift; sourceTree = "<group>"; };
		577EEE05206209E000EB0E7D /* AppTool.swift */ = {isa = PBXFileReference; lastKnownFileType = sourcecode.swift; path = AppTool.swift; sourceTree = "<group>"; };
		57E2B85B2079BE720080A5BF /* WebViewController.swift */ = {isa = PBXFileReference; lastKnownFileType = sourcecode.swift; path = WebViewController.swift; sourceTree = "<group>"; };
		57E2B85D207A136A0080A5BF /* UserInfoView.swift */ = {isa = PBXFileReference; lastKnownFileType = sourcecode.swift; path = UserInfoView.swift; sourceTree = "<group>"; };
		57E2B85E207A136A0080A5BF /* UserInfoView.xib */ = {isa = PBXFileReference; lastKnownFileType = file.xib; path = UserInfoView.xib; sourceTree = "<group>"; };
/* End PBXFileReference section */

/* Begin PBXFrameworksBuildPhase section */
		57665015205B651C0027AE95 /* Frameworks */ = {
			isa = PBXFrameworksBuildPhase;
			buildActionMask = 2147483647;
			files = (
				95CADF64180C3E57D8EB8644 /* Pods_AdsVideoPool.framework in Frameworks */,
			);
			runOnlyForDeploymentPostprocessing = 0;
		};
/* End PBXFrameworksBuildPhase section */

/* Begin PBXGroup section */
		365B01CDF8BAB66B6907AB29 /* Frameworks */ = {
			isa = PBXGroup;
			children = (
				065F56DA42AC8C17E4DEF028 /* Pods_AdsVideoPool.framework */,
			);
			name = Frameworks;
			sourceTree = "<group>";
		};
		5766500F205B651B0027AE95 = {
			isa = PBXGroup;
			children = (
				5766501A205B651C0027AE95 /* AdsVideoPool */,
				57665019205B651C0027AE95 /* Products */,
				E94C2385C10E8AEA72E9D2BE /* Pods */,
				365B01CDF8BAB66B6907AB29 /* Frameworks */,
			);
			sourceTree = "<group>";
		};
		57665019205B651C0027AE95 /* Products */ = {
			isa = PBXGroup;
			children = (
				57665018205B651C0027AE95 /* AdsVideoPool.app */,
			);
			name = Products;
			sourceTree = "<group>";
		};
		5766501A205B651C0027AE95 /* AdsVideoPool */ = {
			isa = PBXGroup;
			children = (
				574ED4C22064EE6A00C20B42 /* MainTableView.swift */,
				574ED4BD2064EDBE00C20B42 /* MainViewCell.swift */,
				5765B7B3206DE2D100CB6274 /* MomentTableView.swift */,
				5765B7B5206DE30B00CB6274 /* MomentCell.swift */,
				5766501B205B651C0027AE95 /* AppDelegate.swift */,
				577EEE03206201F900EB0E7D /* PostInfoView.swift */,
				57E2B85B2079BE720080A5BF /* WebViewController.swift */,
				5765B7BC206DEF9000CB6274 /* LoginView.swift */,
				5765B7BD206DEF9000CB6274 /* LoginView.xib */,
				5765B7CB206E23CD00CB6274 /* MineView.swift */,
				5765B7CC206E23CD00CB6274 /* MineView.xib */,
				577EEE05206209E000EB0E7D /* AppTool.swift */,
				576FE96B2060B773006F3910 /* VideoDetailView.swift */,
				576FE96F2060F8F2006F3910 /* CommentInputView.swift */,
				576FE97120610113006F3910 /* CommentCell.swift */,
				576DA19F2064CFDB00219947 /* AVPlayerView.swift */,
				5751451420690A60004EC1F4 /* MYLayer.swift */,
				574DAF662071DE13000B6B5A /* AdLinkView.swift */,
				57E2B85D207A136A0080A5BF /* UserInfoView.swift */,
				57E2B85E207A136A0080A5BF /* UserInfoView.xib */,
				5766501F205B651C0027AE95 /* Main.storyboard */,
				574DAF6E207218DF000B6B5A /* 1111.png */,
				575144F42068A2D8004EC1F4 /* 2.mp4 */,
				574EF121205FB89000219685 /* 3.mp4 */,
				572D33CA20748BCD00BD1AA2 /* 12.mp4 */,
				572D33CC2074AC6600BD1AA2 /* you.png */,
				574DAF6C2071E73F000B6B5A /* icon2.png */,
				5765B7C9206E1BF200CB6274 /* bgView.JPG */,
				577A2ACF206B428E00C53F98 /* pinglun.json */,
				5765B7C7206E171E00CB6274 /* logo-w.png */,
				57665022205B651C0027AE95 /* Assets.xcassets */,
				57665024205B651C0027AE95 /* LaunchScreen.storyboard */,
				57665027205B651C0027AE95 /* Info.plist */,
			);
			path = AdsVideoPool;
			sourceTree = "<group>";
		};
		E94C2385C10E8AEA72E9D2BE /* Pods */ = {
			isa = PBXGroup;
			children = (
				3F47EEB3AEA215308F2FE55A /* Pods-AdsVideoPool.debug.xcconfig */,
				0A848400A7AC85BC9F8616CE /* Pods-AdsVideoPool.release.xcconfig */,
			);
			name = Pods;
			sourceTree = "<group>";
		};
/* End PBXGroup section */

/* Begin PBXNativeTarget section */
		57665017205B651C0027AE95 /* AdsVideoPool */ = {
			isa = PBXNativeTarget;
			buildConfigurationList = 5766502A205B651C0027AE95 /* Build configuration list for PBXNativeTarget "AdsVideoPool" */;
			buildPhases = (
				EFEEDEB64A274EF549D7E2D0 /* [CP] Check Pods Manifest.lock */,
				57665014205B651C0027AE95 /* Sources */,
				57665015205B651C0027AE95 /* Frameworks */,
				57665016205B651C0027AE95 /* Resources */,
				FF3C9AE46135D86E9240AC68 /* [CP] Embed Pods Frameworks */,
				0BDE0E390D7A432B3D2BC7EE /* [CP] Copy Pods Resources */,
			);
			buildRules = (
			);
			dependencies = (
			);
			name = AdsVideoPool;
			productName = AdsVideoPool;
			productReference = 57665018205B651C0027AE95 /* AdsVideoPool.app */;
			productType = "com.apple.product-type.application";
		};
/* End PBXNativeTarget section */

/* Begin PBXProject section */
		57665010205B651B0027AE95 /* Project object */ = {
			isa = PBXProject;
			attributes = {
				LastSwiftUpdateCheck = 0920;
				LastUpgradeCheck = 0920;
				ORGANIZATIONNAME = ONEWAY;
				TargetAttributes = {
					57665017205B651C0027AE95 = {
						CreatedOnToolsVersion = 9.2;
						ProvisioningStyle = Automatic;
					};
				};
			};
			buildConfigurationList = 57665013205B651B0027AE95 /* Build configuration list for PBXProject "AdsVideoPool" */;
			compatibilityVersion = "Xcode 8.0";
			developmentRegion = en;
			hasScannedForEncodings = 0;
			knownRegions = (
				en,
				Base,
			);
			mainGroup = 5766500F205B651B0027AE95;
			productRefGroup = 57665019205B651C0027AE95 /* Products */;
			projectDirPath = "";
			projectRoot = "";
			targets = (
				57665017205B651C0027AE95 /* AdsVideoPool */,
			);
		};
/* End PBXProject section */

/* Begin PBXResourcesBuildPhase section */
		57665016205B651C0027AE95 /* Resources */ = {
			isa = PBXResourcesBuildPhase;
			buildActionMask = 2147483647;
			files = (
				572D33CB20748BCE00BD1AA2 /* 12.mp4 in Resources */,
				5765B7CE206E23CD00CB6274 /* MineView.xib in Resources */,
				5765B7CA206E1BF200CB6274 /* bgView.JPG in Resources */,
				575144F52068A2D8004EC1F4 /* 2.mp4 in Resources */,
				574DAF6F207218DF000B6B5A /* 1111.png in Resources */,
				57665026205B651C0027AE95 /* LaunchScreen.storyboard in Resources */,
				57E2B860207A136A0080A5BF /* UserInfoView.xib in Resources */,
				5765B7C8206E171E00CB6274 /* logo-w.png in Resources */,
				572D33CD2074AC6600BD1AA2 /* you.png in Resources */,
				57665023205B651C0027AE95 /* Assets.xcassets in Resources */,
				577A2AD0206B428E00C53F98 /* pinglun.json in Resources */,
				57665021205B651C0027AE95 /* Main.storyboard in Resources */,
				574DAF6D2071E73F000B6B5A /* icon2.png in Resources */,
				5765B7BF206DEF9000CB6274 /* LoginView.xib in Resources */,
				574EF122205FB89000219685 /* 3.mp4 in Resources */,
			);
			runOnlyForDeploymentPostprocessing = 0;
		};
/* End PBXResourcesBuildPhase section */

/* Begin PBXShellScriptBuildPhase section */
		0BDE0E390D7A432B3D2BC7EE /* [CP] Copy Pods Resources */ = {
			isa = PBXShellScriptBuildPhase;
			buildActionMask = 2147483647;
			files = (
			);
			inputPaths = (
			);
			name = "[CP] Copy Pods Resources";
			outputPaths = (
			);
			runOnlyForDeploymentPostprocessing = 0;
			shellPath = /bin/sh;
			shellScript = "\"${SRCROOT}/Pods/Target Support Files/Pods-AdsVideoPool/Pods-AdsVideoPool-resources.sh\"\n";
			showEnvVarsInLog = 0;
		};
		EFEEDEB64A274EF549D7E2D0 /* [CP] Check Pods Manifest.lock */ = {
			isa = PBXShellScriptBuildPhase;
			buildActionMask = 2147483647;
			files = (
			);
			inputPaths = (
			);
			name = "[CP] Check Pods Manifest.lock";
			outputPaths = (
			);
			runOnlyForDeploymentPostprocessing = 0;
			shellPath = /bin/sh;
			shellScript = "diff \"${PODS_ROOT}/../Podfile.lock\" \"${PODS_ROOT}/Manifest.lock\" > /dev/null\nif [ $? != 0 ] ; then\n    # print error to STDERR\n    echo \"error: The sandbox is not in sync with the Podfile.lock. Run 'pod install' or update your CocoaPods installation.\" >&2\n    exit 1\nfi\n";
			showEnvVarsInLog = 0;
		};
		FF3C9AE46135D86E9240AC68 /* [CP] Embed Pods Frameworks */ = {
			isa = PBXShellScriptBuildPhase;
			buildActionMask = 2147483647;
			files = (
			);
			inputPaths = (
			);
			name = "[CP] Embed Pods Frameworks";
			outputPaths = (
			);
			runOnlyForDeploymentPostprocessing = 0;
			shellPath = /bin/sh;
			shellScript = "\"${SRCROOT}/Pods/Target Support Files/Pods-AdsVideoPool/Pods-AdsVideoPool-frameworks.sh\"\n";
			showEnvVarsInLog = 0;
		};
/* End PBXShellScriptBuildPhase section */

/* Begin PBXSourcesBuildPhase section */
		57665014205B651C0027AE95 /* Sources */ = {
			isa = PBXSourcesBuildPhase;
			buildActionMask = 2147483647;
			files = (
				5765B7B4206DE2D100CB6274 /* MomentTableView.swift in Sources */,
				574ED4C32064EE6A00C20B42 /* MainTableView.swift in Sources */,
				576FE96C2060B773006F3910 /* VideoDetailView.swift in Sources */,
				5765B7CD206E23CD00CB6274 /* MineView.swift in Sources */,
				5766501C205B651C0027AE95 /* AppDelegate.swift in Sources */,
				576FE9702060F8F2006F3910 /* CommentInputView.swift in Sources */,
				576FE97220610113006F3910 /* CommentCell.swift in Sources */,
				5751451520690A60004EC1F4 /* MYLayer.swift in Sources */,
				5765B7B6206DE30B00CB6274 /* MomentCell.swift in Sources */,
				574DAF672071DE13000B6B5A /* AdLinkView.swift in Sources */,
				576DA1A02064CFDB00219947 /* AVPlayerView.swift in Sources */,
				574ED4BF2064EDBE00C20B42 /* MainViewCell.swift in Sources */,
				5765B7BE206DEF9000CB6274 /* LoginView.swift in Sources */,
				577EEE04206201F900EB0E7D /* PostInfoView.swift in Sources */,
				577EEE06206209E000EB0E7D /* AppTool.swift in Sources */,
				57E2B85F207A136A0080A5BF /* UserInfoView.swift in Sources */,
				57E2B85C2079BE720080A5BF /* WebViewController.swift in Sources */,
			);
			runOnlyForDeploymentPostprocessing = 0;
		};
/* End PBXSourcesBuildPhase section */

/* Begin PBXVariantGroup section */
		5766501F205B651C0027AE95 /* Main.storyboard */ = {
			isa = PBXVariantGroup;
			children = (
				57665020205B651C0027AE95 /* Base */,
			);
			name = Main.storyboard;
			sourceTree = "<group>";
		};
		57665024205B651C0027AE95 /* LaunchScreen.storyboard */ = {
			isa = PBXVariantGroup;
			children = (
				57665025205B651C0027AE95 /* Base */,
			);
			name = LaunchScreen.storyboard;
			sourceTree = "<group>";
		};
/* End PBXVariantGroup section */

/* Begin XCBuildConfiguration section */
		57665028205B651C0027AE95 /* Debug */ = {
			isa = XCBuildConfiguration;
			buildSettings = {
				ALWAYS_SEARCH_USER_PATHS = NO;
				CLANG_ANALYZER_NONNULL = YES;
				CLANG_ANALYZER_NUMBER_OBJECT_CONVERSION = YES_AGGRESSIVE;
				CLANG_CXX_LANGUAGE_STANDARD = "gnu++14";
				CLANG_CXX_LIBRARY = "libc++";
				CLANG_ENABLE_MODULES = YES;
				CLANG_ENABLE_OBJC_ARC = YES;
				CLANG_WARN_BLOCK_CAPTURE_AUTORELEASING = YES;
				CLANG_WARN_BOOL_CONVERSION = YES;
				CLANG_WARN_COMMA = YES;
				CLANG_WARN_CONSTANT_CONVERSION = YES;
				CLANG_WARN_DIRECT_OBJC_ISA_USAGE = YES_ERROR;
				CLANG_WARN_DOCUMENTATION_COMMENTS = YES;
				CLANG_WARN_EMPTY_BODY = YES;
				CLANG_WARN_ENUM_CONVERSION = YES;
				CLANG_WARN_INFINITE_RECURSION = YES;
				CLANG_WARN_INT_CONVERSION = YES;
				CLANG_WARN_NON_LITERAL_NULL_CONVERSION = YES;
				CLANG_WARN_OBJC_LITERAL_CONVERSION = YES;
				CLANG_WARN_OBJC_ROOT_CLASS = YES_ERROR;
				CLANG_WARN_RANGE_LOOP_ANALYSIS = YES;
				CLANG_WARN_STRICT_PROTOTYPES = YES;
				CLANG_WARN_SUSPICIOUS_MOVE = YES;
				CLANG_WARN_UNGUARDED_AVAILABILITY = YES_AGGRESSIVE;
				CLANG_WARN_UNREACHABLE_CODE = YES;
				CLANG_WARN__DUPLICATE_METHOD_MATCH = YES;
				CODE_SIGN_IDENTITY = "iPhone Developer";
				COPY_PHASE_STRIP = NO;
				DEBUG_INFORMATION_FORMAT = dwarf;
				ENABLE_STRICT_OBJC_MSGSEND = YES;
				ENABLE_TESTABILITY = YES;
				GCC_C_LANGUAGE_STANDARD = gnu11;
				GCC_DYNAMIC_NO_PIC = NO;
				GCC_NO_COMMON_BLOCKS = YES;
				GCC_OPTIMIZATION_LEVEL = 0;
				GCC_PREPROCESSOR_DEFINITIONS = (
					"DEBUG=1",
					"$(inherited)",
				);
				GCC_WARN_64_TO_32_BIT_CONVERSION = YES;
				GCC_WARN_ABOUT_RETURN_TYPE = YES_ERROR;
				GCC_WARN_UNDECLARED_SELECTOR = YES;
				GCC_WARN_UNINITIALIZED_AUTOS = YES_AGGRESSIVE;
				GCC_WARN_UNUSED_FUNCTION = YES;
				GCC_WARN_UNUSED_VARIABLE = YES;
				IPHONEOS_DEPLOYMENT_TARGET = 11.2;
				MTL_ENABLE_DEBUG_INFO = YES;
				ONLY_ACTIVE_ARCH = YES;
				SDKROOT = iphoneos;
				SWIFT_ACTIVE_COMPILATION_CONDITIONS = DEBUG;
				SWIFT_OPTIMIZATION_LEVEL = "-Onone";
			};
			name = Debug;
		};
		57665029205B651C0027AE95 /* Release */ = {
			isa = XCBuildConfiguration;
			buildSettings = {
				ALWAYS_SEARCH_USER_PATHS = NO;
				CLANG_ANALYZER_NONNULL = YES;
				CLANG_ANALYZER_NUMBER_OBJECT_CONVERSION = YES_AGGRESSIVE;
				CLANG_CXX_LANGUAGE_STANDARD = "gnu++14";
				CLANG_CXX_LIBRARY = "libc++";
				CLANG_ENABLE_MODULES = YES;
				CLANG_ENABLE_OBJC_ARC = YES;
				CLANG_WARN_BLOCK_CAPTURE_AUTORELEASING = YES;
				CLANG_WARN_BOOL_CONVERSION = YES;
				CLANG_WARN_COMMA = YES;
				CLANG_WARN_CONSTANT_CONVERSION = YES;
				CLANG_WARN_DIRECT_OBJC_ISA_USAGE = YES_ERROR;
				CLANG_WARN_DOCUMENTATION_COMMENTS = YES;
				CLANG_WARN_EMPTY_BODY = YES;
				CLANG_WARN_ENUM_CONVERSION = YES;
				CLANG_WARN_INFINITE_RECURSION = YES;
				CLANG_WARN_INT_CONVERSION = YES;
				CLANG_WARN_NON_LITERAL_NULL_CONVERSION = YES;
				CLANG_WARN_OBJC_LITERAL_CONVERSION = YES;
				CLANG_WARN_OBJC_ROOT_CLASS = YES_ERROR;
				CLANG_WARN_RANGE_LOOP_ANALYSIS = YES;
				CLANG_WARN_STRICT_PROTOTYPES = YES;
				CLANG_WARN_SUSPICIOUS_MOVE = YES;
				CLANG_WARN_UNGUARDED_AVAILABILITY = YES_AGGRESSIVE;
				CLANG_WARN_UNREACHABLE_CODE = YES;
				CLANG_WARN__DUPLICATE_METHOD_MATCH = YES;
				CODE_SIGN_IDENTITY = "iPhone Developer";
				COPY_PHASE_STRIP = NO;
				DEBUG_INFORMATION_FORMAT = "dwarf-with-dsym";
				ENABLE_NS_ASSERTIONS = NO;
				ENABLE_STRICT_OBJC_MSGSEND = YES;
				GCC_C_LANGUAGE_STANDARD = gnu11;
				GCC_NO_COMMON_BLOCKS = YES;
				GCC_WARN_64_TO_32_BIT_CONVERSION = YES;
				GCC_WARN_ABOUT_RETURN_TYPE = YES_ERROR;
				GCC_WARN_UNDECLARED_SELECTOR = YES;
				GCC_WARN_UNINITIALIZED_AUTOS = YES_AGGRESSIVE;
				GCC_WARN_UNUSED_FUNCTION = YES;
				GCC_WARN_UNUSED_VARIABLE = YES;
				IPHONEOS_DEPLOYMENT_TARGET = 11.2;
				MTL_ENABLE_DEBUG_INFO = NO;
				SDKROOT = iphoneos;
				SWIFT_OPTIMIZATION_LEVEL = "-Owholemodule";
				VALIDATE_PRODUCT = YES;
			};
			name = Release;
		};
		5766502B205B651C0027AE95 /* Debug */ = {
			isa = XCBuildConfiguration;
			baseConfigurationReference = 3F47EEB3AEA215308F2FE55A /* Pods-AdsVideoPool.debug.xcconfig */;
			buildSettings = {
				ASSETCATALOG_COMPILER_APPICON_NAME = AppIcon;
				CODE_SIGN_STYLE = Automatic;
				DEVELOPMENT_TEAM = 5KY8X22943;
				INFOPLIST_FILE = AdsVideoPool/Info.plist;
				IPHONEOS_DEPLOYMENT_TARGET = 10.0;
				LD_RUNPATH_SEARCH_PATHS = "$(inherited) @executable_path/Frameworks";
				PRODUCT_BUNDLE_IDENTIFIER = mobi.oneway.AdsVideoPool;
				PRODUCT_NAME = "$(TARGET_NAME)";
				SWIFT_VERSION = 4.0;
				TARGETED_DEVICE_FAMILY = "1,2";
			};
			name = Debug;
		};
		5766502C205B651C0027AE95 /* Release */ = {
			isa = XCBuildConfiguration;
			baseConfigurationReference = 0A848400A7AC85BC9F8616CE /* Pods-AdsVideoPool.release.xcconfig */;
			buildSettings = {
				ASSETCATALOG_COMPILER_APPICON_NAME = AppIcon;
				CODE_SIGN_STYLE = Automatic;
				DEVELOPMENT_TEAM = 5KY8X22943;
				INFOPLIST_FILE = AdsVideoPool/Info.plist;
				IPHONEOS_DEPLOYMENT_TARGET = 10.0;
				LD_RUNPATH_SEARCH_PATHS = "$(inherited) @executable_path/Frameworks";
				PRODUCT_BUNDLE_IDENTIFIER = mobi.oneway.AdsVideoPool;
				PRODUCT_NAME = "$(TARGET_NAME)";
				SWIFT_VERSION = 4.0;
				TARGETED_DEVICE_FAMILY = "1,2";
			};
			name = Release;
		};
/* End XCBuildConfiguration section */

/* Begin XCConfigurationList section */
		57665013205B651B0027AE95 /* Build configuration list for PBXProject "AdsVideoPool" */ = {
			isa = XCConfigurationList;
			buildConfigurations = (
				57665028205B651C0027AE95 /* Debug */,
				57665029205B651C0027AE95 /* Release */,
			);
			defaultConfigurationIsVisible = 0;
			defaultConfigurationName = Release;
		};
		5766502A205B651C0027AE95 /* Build configuration list for PBXNativeTarget "AdsVideoPool" */ = {
			isa = XCConfigurationList;
			buildConfigurations = (
				5766502B205B651C0027AE95 /* Debug */,
				5766502C205B651C0027AE95 /* Release */,
			);
			defaultConfigurationIsVisible = 0;
			defaultConfigurationName = Release;
		};
/* End XCConfigurationList section */
	};
	rootObject = 57665010205B651B0027AE95 /* Project object */;
}
